// !$*UTF8*$!
{
	archiveVersion = 1;
	classes = {
	};
	objectVersion = 46;
	objects = {

/* Begin PBXBuildFile section */
		0C0376691EEB7A8900F1F8E2 /* BasicStringTest.swift in Sources */ = {isa = PBXBuildFile; fileRef = 0C0376681EEB7A8900F1F8E2 /* BasicStringTest.swift */; };
		0C03766B1EEB7C6B00F1F8E2 /* CoreStringTest.swift in Sources */ = {isa = PBXBuildFile; fileRef = 0C03766A1EEB7C6B00F1F8E2 /* CoreStringTest.swift */; };
		0C03766D1EEB7CA100F1F8E2 /* ImagesColorTest.swift in Sources */ = {isa = PBXBuildFile; fileRef = 0C03766C1EEB7CA100F1F8E2 /* ImagesColorTest.swift */; };
		0C03766F1EEB7CC100F1F8E2 /* HttpClientTest.swift in Sources */ = {isa = PBXBuildFile; fileRef = 0C03766E1EEB7CC100F1F8E2 /* HttpClientTest.swift */; };
		0C49B5632024EEC6006FF3D8 /* MochaErrorTest.swift in Sources */ = {isa = PBXBuildFile; fileRef = 0C49B5622024EEC6006FF3D8 /* MochaErrorTest.swift */; };
		0C49B56A2024FB49006FF3D8 /* ResultTest.swift in Sources */ = {isa = PBXBuildFile; fileRef = 0C49B5692024FB49006FF3D8 /* ResultTest.swift */; };
		0C560B331EECFE8A00719807 /* CpfTest.swift in Sources */ = {isa = PBXBuildFile; fileRef = 0C560B321EECFE8A00719807 /* CpfTest.swift */; };
		AE59CD3C7190742FD3693332 /* Pods_MochaUtilities_Tests.framework in Frameworks */ = {isa = PBXBuildFile; fileRef = 8603BCE625ECFCD3F3F78E45 /* Pods_MochaUtilities_Tests.framework */; };
/* End PBXBuildFile section */

/* Begin PBXFileReference section */
		0585895233361FED18A30F4E /* LICENSE */ = {isa = PBXFileReference; includeInIndex = 1; lastKnownFileType = text; name = LICENSE; path = ../LICENSE; sourceTree = "<group>"; };
		072688D78687085077808A41 /* Pods-MochaUtilities_Tests.debug.xcconfig */ = {isa = PBXFileReference; includeInIndex = 1; lastKnownFileType = text.xcconfig; name = "Pods-MochaUtilities_Tests.debug.xcconfig"; path = "Pods/Target Support Files/Pods-MochaUtilities_Tests/Pods-MochaUtilities_Tests.debug.xcconfig"; sourceTree = "<group>"; };
		0C0376681EEB7A8900F1F8E2 /* BasicStringTest.swift */ = {isa = PBXFileReference; fileEncoding = 4; lastKnownFileType = sourcecode.swift; path = BasicStringTest.swift; sourceTree = "<group>"; };
		0C03766A1EEB7C6B00F1F8E2 /* CoreStringTest.swift */ = {isa = PBXFileReference; fileEncoding = 4; lastKnownFileType = sourcecode.swift; path = CoreStringTest.swift; sourceTree = "<group>"; };
		0C03766C1EEB7CA100F1F8E2 /* ImagesColorTest.swift */ = {isa = PBXFileReference; fileEncoding = 4; lastKnownFileType = sourcecode.swift; path = ImagesColorTest.swift; sourceTree = "<group>"; };
		0C03766E1EEB7CC100F1F8E2 /* HttpClientTest.swift */ = {isa = PBXFileReference; fileEncoding = 4; lastKnownFileType = sourcecode.swift; path = HttpClientTest.swift; sourceTree = "<group>"; };
		0C49B5622024EEC6006FF3D8 /* MochaErrorTest.swift */ = {isa = PBXFileReference; lastKnownFileType = sourcecode.swift; path = MochaErrorTest.swift; sourceTree = "<group>"; };
		0C49B5692024FB49006FF3D8 /* ResultTest.swift */ = {isa = PBXFileReference; lastKnownFileType = sourcecode.swift; path = ResultTest.swift; sourceTree = "<group>"; };
		0C560B321EECFE8A00719807 /* CpfTest.swift */ = {isa = PBXFileReference; fileEncoding = 4; lastKnownFileType = sourcecode.swift; path = CpfTest.swift; sourceTree = "<group>"; };
		1738B69F69290EBF21059A2F /* README.md */ = {isa = PBXFileReference; includeInIndex = 1; lastKnownFileType = net.daringfireball.markdown; name = README.md; path = ../README.md; sourceTree = "<group>"; };
		607FACE51AFB9204008FA782 /* MochaUtilities_Tests.xctest */ = {isa = PBXFileReference; explicitFileType = wrapper.cfbundle; includeInIndex = 0; path = MochaUtilities_Tests.xctest; sourceTree = BUILT_PRODUCTS_DIR; };
		607FACEA1AFB9204008FA782 /* Info.plist */ = {isa = PBXFileReference; lastKnownFileType = text.plist.xml; path = Info.plist; sourceTree = "<group>"; };
		6638F2603EB0DD00E4232099 /* MochaUtilities.podspec */ = {isa = PBXFileReference; includeInIndex = 1; lastKnownFileType = text; name = MochaUtilities.podspec; path = ../MochaUtilities.podspec; sourceTree = "<group>"; };
		8603BCE625ECFCD3F3F78E45 /* Pods_MochaUtilities_Tests.framework */ = {isa = PBXFileReference; explicitFileType = wrapper.framework; includeInIndex = 0; path = Pods_MochaUtilities_Tests.framework; sourceTree = BUILT_PRODUCTS_DIR; };
		CE66BFC0C6C0845FE9126197 /* Pods-MochaUtilities_Tests.release.xcconfig */ = {isa = PBXFileReference; includeInIndex = 1; lastKnownFileType = text.xcconfig; name = "Pods-MochaUtilities_Tests.release.xcconfig"; path = "Pods/Target Support Files/Pods-MochaUtilities_Tests/Pods-MochaUtilities_Tests.release.xcconfig"; sourceTree = "<group>"; };
/* End PBXFileReference section */

/* Begin PBXFrameworksBuildPhase section */
		607FACE21AFB9204008FA782 /* Frameworks */ = {
			isa = PBXFrameworksBuildPhase;
			buildActionMask = 2147483647;
			files = (
				AE59CD3C7190742FD3693332 /* Pods_MochaUtilities_Tests.framework in Frameworks */,
			);
			runOnlyForDeploymentPostprocessing = 0;
		};
/* End PBXFrameworksBuildPhase section */

/* Begin PBXGroup section */
		0C0376641EEB7A2900F1F8E2 /* Basic */ = {
			isa = PBXGroup;
			children = (
				0C0376681EEB7A8900F1F8E2 /* BasicStringTest.swift */,
				0C49B5622024EEC6006FF3D8 /* MochaErrorTest.swift */,
				0C49B5692024FB49006FF3D8 /* ResultTest.swift */,
			);
			path = Basic;
			sourceTree = "<group>";
		};
		0C0376651EEB7A2900F1F8E2 /* Core */ = {
			isa = PBXGroup;
			children = (
				0C03766A1EEB7C6B00F1F8E2 /* CoreStringTest.swift */,
			);
			path = Core;
			sourceTree = "<group>";
		};
		0C0376661EEB7A2900F1F8E2 /* Images */ = {
			isa = PBXGroup;
			children = (
				0C03766C1EEB7CA100F1F8E2 /* ImagesColorTest.swift */,
			);
			path = Images;
			sourceTree = "<group>";
		};
		0C0376671EEB7A2900F1F8E2 /* Network */ = {
			isa = PBXGroup;
			children = (
				0C03766E1EEB7CC100F1F8E2 /* HttpClientTest.swift */,
			);
			path = Network;
			sourceTree = "<group>";
		};
		0C560B311EECFE6F00719807 /* Brazil */ = {
			isa = PBXGroup;
			children = (
				0C560B321EECFE8A00719807 /* CpfTest.swift */,
			);
			path = Brazil;
			sourceTree = "<group>";
		};
		55350D3CF29B9CCDECE90293 /* Frameworks */ = {
			isa = PBXGroup;
			children = (
				8603BCE625ECFCD3F3F78E45 /* Pods_MochaUtilities_Tests.framework */,
			);
			name = Frameworks;
			sourceTree = "<group>";
		};
		607FACC71AFB9204008FA782 = {
			isa = PBXGroup;
			children = (
				607FACF51AFB993E008FA782 /* Podspec Metadata */,
				607FACE81AFB9204008FA782 /* Tests */,
				607FACD11AFB9204008FA782 /* Products */,
				69363B65C05BD4EAD7B54268 /* Pods */,
				55350D3CF29B9CCDECE90293 /* Frameworks */,
			);
			sourceTree = "<group>";
		};
		607FACD11AFB9204008FA782 /* Products */ = {
			isa = PBXGroup;
			children = (
				607FACE51AFB9204008FA782 /* MochaUtilities_Tests.xctest */,
			);
			name = Products;
			sourceTree = "<group>";
		};
		607FACE81AFB9204008FA782 /* Tests */ = {
			isa = PBXGroup;
			children = (
				0C0376641EEB7A2900F1F8E2 /* Basic */,
				0C560B311EECFE6F00719807 /* Brazil */,
				0C0376651EEB7A2900F1F8E2 /* Core */,
				0C0376661EEB7A2900F1F8E2 /* Images */,
				0C0376671EEB7A2900F1F8E2 /* Network */,
				607FACE91AFB9204008FA782 /* Supporting Files */,
			);
			path = Tests;
			sourceTree = "<group>";
		};
		607FACE91AFB9204008FA782 /* Supporting Files */ = {
			isa = PBXGroup;
			children = (
				607FACEA1AFB9204008FA782 /* Info.plist */,
			);
			name = "Supporting Files";
			sourceTree = "<group>";
		};
		607FACF51AFB993E008FA782 /* Podspec Metadata */ = {
			isa = PBXGroup;
			children = (
				6638F2603EB0DD00E4232099 /* MochaUtilities.podspec */,
				1738B69F69290EBF21059A2F /* README.md */,
				0585895233361FED18A30F4E /* LICENSE */,
			);
			name = "Podspec Metadata";
			sourceTree = "<group>";
		};
		69363B65C05BD4EAD7B54268 /* Pods */ = {
			isa = PBXGroup;
			children = (
				072688D78687085077808A41 /* Pods-MochaUtilities_Tests.debug.xcconfig */,
				CE66BFC0C6C0845FE9126197 /* Pods-MochaUtilities_Tests.release.xcconfig */,
			);
			name = Pods;
			sourceTree = "<group>";
		};
/* End PBXGroup section */

/* Begin PBXNativeTarget section */
		607FACE41AFB9204008FA782 /* MochaUtilities_Tests */ = {
			isa = PBXNativeTarget;
			buildConfigurationList = 607FACF21AFB9204008FA782 /* Build configuration list for PBXNativeTarget "MochaUtilities_Tests" */;
			buildPhases = (
				C41F32AA2A2BEBCF985E85CE /* [CP] Check Pods Manifest.lock */,
				607FACE11AFB9204008FA782 /* Sources */,
				607FACE21AFB9204008FA782 /* Frameworks */,
				607FACE31AFB9204008FA782 /* Resources */,
				5EE5AABAD1EE8F26DFF2B161 /* [CP] Embed Pods Frameworks */,
				8750F2414BCD3972256D9ACF /* [CP] Copy Pods Resources */,
			);
			buildRules = (
			);
			dependencies = (
			);
			name = MochaUtilities_Tests;
			productName = Tests;
			productReference = 607FACE51AFB9204008FA782 /* MochaUtilities_Tests.xctest */;
			productType = "com.apple.product-type.bundle.unit-test";
		};
/* End PBXNativeTarget section */

/* Begin PBXProject section */
		607FACC81AFB9204008FA782 /* Project object */ = {
			isa = PBXProject;
			attributes = {
				LastSwiftUpdateCheck = 0720;
				LastUpgradeCheck = 0920;
				ORGANIZATIONNAME = CocoaPods;
				TargetAttributes = {
					607FACE41AFB9204008FA782 = {
						CreatedOnToolsVersion = 6.3.1;
						DevelopmentTeam = A58RW3M38A;
						LastSwiftMigration = 0920;
						TestTargetID = 607FACCF1AFB9204008FA782;
					};
				};
			};
			buildConfigurationList = 607FACCB1AFB9204008FA782 /* Build configuration list for PBXProject "MochaUtilities" */;
			compatibilityVersion = "Xcode 3.2";
			developmentRegion = English;
			hasScannedForEncodings = 0;
			knownRegions = (
				en,
				Base,
			);
			mainGroup = 607FACC71AFB9204008FA782;
			productRefGroup = 607FACD11AFB9204008FA782 /* Products */;
			projectDirPath = "";
			projectRoot = "";
			targets = (
				607FACE41AFB9204008FA782 /* MochaUtilities_Tests */,
			);
		};
/* End PBXProject section */

/* Begin PBXResourcesBuildPhase section */
		607FACE31AFB9204008FA782 /* Resources */ = {
			isa = PBXResourcesBuildPhase;
			buildActionMask = 2147483647;
			files = (
			);
			runOnlyForDeploymentPostprocessing = 0;
		};
/* End PBXResourcesBuildPhase section */

/* Begin PBXShellScriptBuildPhase section */
		5EE5AABAD1EE8F26DFF2B161 /* [CP] Embed Pods Frameworks */ = {
			isa = PBXShellScriptBuildPhase;
			buildActionMask = 2147483647;
			files = (
			);
			inputPaths = (
			);
			name = "[CP] Embed Pods Frameworks";
			outputPaths = (
			);
			runOnlyForDeploymentPostprocessing = 0;
			shellPath = /bin/sh;
			shellScript = "\"${SRCROOT}/Pods/Target Support Files/Pods-MochaUtilities_Tests/Pods-MochaUtilities_Tests-frameworks.sh\"\n";
			showEnvVarsInLog = 0;
		};
		8750F2414BCD3972256D9ACF /* [CP] Copy Pods Resources */ = {
			isa = PBXShellScriptBuildPhase;
			buildActionMask = 2147483647;
			files = (
			);
			inputPaths = (
			);
			name = "[CP] Copy Pods Resources";
			outputPaths = (
			);
			runOnlyForDeploymentPostprocessing = 0;
			shellPath = /bin/sh;
			shellScript = "\"${SRCROOT}/Pods/Target Support Files/Pods-MochaUtilities_Tests/Pods-MochaUtilities_Tests-resources.sh\"\n";
			showEnvVarsInLog = 0;
		};
		C41F32AA2A2BEBCF985E85CE /* [CP] Check Pods Manifest.lock */ = {
			isa = PBXShellScriptBuildPhase;
			buildActionMask = 2147483647;
			files = (
			);
			inputPaths = (
			);
			name = "[CP] Check Pods Manifest.lock";
			outputPaths = (
			);
			runOnlyForDeploymentPostprocessing = 0;
			shellPath = /bin/sh;
			shellScript = "diff \"${PODS_PODFILE_DIR_PATH}/Podfile.lock\" \"${PODS_ROOT}/Manifest.lock\" > /dev/null\nif [ $? != 0 ] ; then\n    # print error to STDERR\n    echo \"error: The sandbox is not in sync with the Podfile.lock. Run 'pod install' or update your CocoaPods installation.\" >&2\n    exit 1\nfi\n";
			showEnvVarsInLog = 0;
		};
/* End PBXShellScriptBuildPhase section */

/* Begin PBXSourcesBuildPhase section */
		607FACE11AFB9204008FA782 /* Sources */ = {
			isa = PBXSourcesBuildPhase;
			buildActionMask = 2147483647;
			files = (
				0C0376691EEB7A8900F1F8E2 /* BasicStringTest.swift in Sources */,
				0C03766B1EEB7C6B00F1F8E2 /* CoreStringTest.swift in Sources */,
				0C560B331EECFE8A00719807 /* CpfTest.swift in Sources */,
				0C49B5632024EEC6006FF3D8 /* MochaErrorTest.swift in Sources */,
				0C03766D1EEB7CA100F1F8E2 /* ImagesColorTest.swift in Sources */,
				0C49B56A2024FB49006FF3D8 /* ResultTest.swift in Sources */,
				0C03766F1EEB7CC100F1F8E2 /* HttpClientTest.swift in Sources */,
			);
			runOnlyForDeploymentPostprocessing = 0;
		};
/* End PBXSourcesBuildPhase section */

/* Begin XCBuildConfiguration section */
		607FACED1AFB9204008FA782 /* Debug */ = {
			isa = XCBuildConfiguration;
			buildSettings = {
				ALWAYS_SEARCH_USER_PATHS = NO;
				CLANG_CXX_LANGUAGE_STANDARD = "gnu++0x";
				CLANG_CXX_LIBRARY = "libc++";
				CLANG_ENABLE_MODULES = YES;
				CLANG_ENABLE_OBJC_ARC = YES;
				CLANG_WARN_BLOCK_CAPTURE_AUTORELEASING = YES;
				CLANG_WARN_BOOL_CONVERSION = YES;
				CLANG_WARN_COMMA = YES;
				CLANG_WARN_CONSTANT_CONVERSION = YES;
				CLANG_WARN_DIRECT_OBJC_ISA_USAGE = YES_ERROR;
				CLANG_WARN_EMPTY_BODY = YES;
				CLANG_WARN_ENUM_CONVERSION = YES;
				CLANG_WARN_INFINITE_RECURSION = YES;
				CLANG_WARN_INT_CONVERSION = YES;
				CLANG_WARN_NON_LITERAL_NULL_CONVERSION = YES;
				CLANG_WARN_OBJC_LITERAL_CONVERSION = YES;
				CLANG_WARN_OBJC_ROOT_CLASS = YES_ERROR;
				CLANG_WARN_RANGE_LOOP_ANALYSIS = YES;
				CLANG_WARN_STRICT_PROTOTYPES = YES;
				CLANG_WARN_SUSPICIOUS_MOVE = YES;
				CLANG_WARN_UNREACHABLE_CODE = YES;
				CLANG_WARN__DUPLICATE_METHOD_MATCH = YES;
				"CODE_SIGN_IDENTITY[sdk=iphoneos*]" = "iPhone Developer";
				COPY_PHASE_STRIP = NO;
				DEBUG_INFORMATION_FORMAT = "dwarf-with-dsym";
				ENABLE_STRICT_OBJC_MSGSEND = YES;
				ENABLE_TESTABILITY = YES;
				GCC_C_LANGUAGE_STANDARD = gnu99;
				GCC_DYNAMIC_NO_PIC = NO;
				GCC_NO_COMMON_BLOCKS = YES;
				GCC_OPTIMIZATION_LEVEL = 0;
				GCC_PREPROCESSOR_DEFINITIONS = (
					"DEBUG=1",
					"$(inherited)",
				);
				GCC_SYMBOLS_PRIVATE_EXTERN = NO;
				GCC_WARN_64_TO_32_BIT_CONVERSION = YES;
				GCC_WARN_ABOUT_RETURN_TYPE = YES_ERROR;
				GCC_WARN_UNDECLARED_SELECTOR = YES;
				GCC_WARN_UNINITIALIZED_AUTOS = YES_AGGRESSIVE;
				GCC_WARN_UNUSED_FUNCTION = YES;
				GCC_WARN_UNUSED_VARIABLE = YES;
				IPHONEOS_DEPLOYMENT_TARGET = 8.3;
				MTL_ENABLE_DEBUG_INFO = YES;
				ONLY_ACTIVE_ARCH = YES;
				SDKROOT = iphoneos;
				SWIFT_OPTIMIZATION_LEVEL = "-Onone";
				SWIFT_VERSION = 4.0;
			};
			name = Debug;
		};
		607FACEE1AFB9204008FA782 /* Release */ = {
			isa = XCBuildConfiguration;
			buildSettings = {
				ALWAYS_SEARCH_USER_PATHS = NO;
				CLANG_CXX_LANGUAGE_STANDARD = "gnu++0x";
				CLANG_CXX_LIBRARY = "libc++";
				CLANG_ENABLE_MODULES = YES;
				CLANG_ENABLE_OBJC_ARC = YES;
				CLANG_WARN_BLOCK_CAPTURE_AUTORELEASING = YES;
				CLANG_WARN_BOOL_CONVERSION = YES;
				CLANG_WARN_COMMA = YES;
				CLANG_WARN_CONSTANT_CONVERSION = YES;
				CLANG_WARN_DIRECT_OBJC_ISA_USAGE = YES_ERROR;
				CLANG_WARN_EMPTY_BODY = YES;
				CLANG_WARN_ENUM_CONVERSION = YES;
				CLANG_WARN_INFINITE_RECURSION = YES;
				CLANG_WARN_INT_CONVERSION = YES;
				CLANG_WARN_NON_LITERAL_NULL_CONVERSION = YES;
				CLANG_WARN_OBJC_LITERAL_CONVERSION = YES;
				CLANG_WARN_OBJC_ROOT_CLASS = YES_ERROR;
				CLANG_WARN_RANGE_LOOP_ANALYSIS = YES;
				CLANG_WARN_STRICT_PROTOTYPES = YES;
				CLANG_WARN_SUSPICIOUS_MOVE = YES;
				CLANG_WARN_UNREACHABLE_CODE = YES;
				CLANG_WARN__DUPLICATE_METHOD_MATCH = YES;
				"CODE_SIGN_IDENTITY[sdk=iphoneos*]" = "iPhone Developer";
				COPY_PHASE_STRIP = NO;
				DEBUG_INFORMATION_FORMAT = "dwarf-with-dsym";
				ENABLE_NS_ASSERTIONS = NO;
				ENABLE_STRICT_OBJC_MSGSEND = YES;
				GCC_C_LANGUAGE_STANDARD = gnu99;
				GCC_NO_COMMON_BLOCKS = YES;
				GCC_WARN_64_TO_32_BIT_CONVERSION = YES;
				GCC_WARN_ABOUT_RETURN_TYPE = YES_ERROR;
				GCC_WARN_UNDECLARED_SELECTOR = YES;
				GCC_WARN_UNINITIALIZED_AUTOS = YES_AGGRESSIVE;
				GCC_WARN_UNUSED_FUNCTION = YES;
				GCC_WARN_UNUSED_VARIABLE = YES;
				IPHONEOS_DEPLOYMENT_TARGET = 8.3;
				MTL_ENABLE_DEBUG_INFO = NO;
				SDKROOT = iphoneos;
				SWIFT_OPTIMIZATION_LEVEL = "-Owholemodule";
				SWIFT_VERSION = 4.0;
				VALIDATE_PRODUCT = YES;
			};
			name = Release;
		};
		607FACF31AFB9204008FA782 /* Debug */ = {
			isa = XCBuildConfiguration;
			baseConfigurationReference = 072688D78687085077808A41 /* Pods-MochaUtilities_Tests.debug.xcconfig */;
			buildSettings = {
				DEVELOPMENT_TEAM = A58RW3M38A;
				FRAMEWORK_SEARCH_PATHS = (
					"$(SDKROOT)/Developer/Library/Frameworks",
					"$(inherited)",
				);
				GCC_PREPROCESSOR_DEFINITIONS = (
					"DEBUG=1",
					"$(inherited)",
				);
				INFOPLIST_FILE = Tests/Info.plist;
				LD_RUNPATH_SEARCH_PATHS = "$(inherited) @executable_path/Frameworks @loader_path/Frameworks";
				PRODUCT_BUNDLE_IDENTIFIER = "org.cocoapods.$(PRODUCT_NAME:rfc1034identifier)";
				PRODUCT_NAME = "$(TARGET_NAME)";
				SWIFT_SWIFT3_OBJC_INFERENCE = On;
				SWIFT_VERSION = 4.0;
			};
			name = Debug;
		};
		607FACF41AFB9204008FA782 /* Release */ = {
			isa = XCBuildConfiguration;
			baseConfigurationReference = CE66BFC0C6C0845FE9126197 /* Pods-MochaUtilities_Tests.release.xcconfig */;
			buildSettings = {
				DEVELOPMENT_TEAM = A58RW3M38A;
				FRAMEWORK_SEARCH_PATHS = (
					"$(SDKROOT)/Developer/Library/Frameworks",
					"$(inherited)",
				);
				INFOPLIST_FILE = Tests/Info.plist;
				LD_RUNPATH_SEARCH_PATHS = "$(inherited) @executable_path/Frameworks @loader_path/Frameworks";
				PRODUCT_BUNDLE_IDENTIFIER = "org.cocoapods.$(PRODUCT_NAME:rfc1034identifier)";
				PRODUCT_NAME = "$(TARGET_NAME)";
				SWIFT_SWIFT3_OBJC_INFERENCE = On;
				SWIFT_VERSION = 4.0;
			};
			name = Release;
		};
/* End XCBuildConfiguration section */

/* Begin XCConfigurationList section */
		607FACCB1AFB9204008FA782 /* Build configuration list for PBXProject "MochaUtilities" */ = {
			isa = XCConfigurationList;
			buildConfigurations = (
				607FACED1AFB9204008FA782 /* Debug */,
				607FACEE1AFB9204008FA782 /* Release */,
			);
			defaultConfigurationIsVisible = 0;
			defaultConfigurationName = Release;
		};
		607FACF21AFB9204008FA782 /* Build configuration list for PBXNativeTarget "MochaUtilities_Tests" */ = {
			isa = XCConfigurationList;
			buildConfigurations = (
				607FACF31AFB9204008FA782 /* Debug */,
				607FACF41AFB9204008FA782 /* Release */,
			);
			defaultConfigurationIsVisible = 0;
			defaultConfigurationName = Release;
		};
/* End XCConfigurationList section */
	};
	rootObject = 607FACC81AFB9204008FA782 /* Project object */;
}
